
Microsoft Visual Studio Solution File, Format Version 12.00
# Visual Studio Version 16
VisualStudioVersion = 16.0.30225.117
MinimumVisualStudioVersion = 10.0.40219.1
Project("{FAE04EC0-301F-11D3-BF4B-00C04F79EFBC}") = "myFilms", "myFilms.csproj", "{C803CDFA-7184-47C1-9BB6-F8092299CA2A}"
EndProject
Global
	GlobalSection(SolutionConfigurationPlatforms) = preSolution
		Debug|Any CPU = Debug|Any CPU
		Release|Any CPU = Release|Any CPU
	EndGlobalSection
	GlobalSection(ProjectConfigurationPlatforms) = postSolution
		{C803CDFA-7184-47C1-9BB6-F8092299CA2A}.Debug|Any CPU.ActiveCfg = Debug|Any CPU
		{C803CDFA-7184-47C1-9BB6-F8092299CA2A}.Debug|Any CPU.Build.0 = Debug|Any CPU
		{C803CDFA-7184-47C1-9BB6-F8092299CA2A}.Release|Any CPU.ActiveCfg = Release|Any CPU
		{C803CDFA-7184-47C1-9BB6-F8092299CA2A}.Release|Any CPU.Build.0 = Release|Any CPU
	EndGlobalSection
	GlobalSection(SolutionProperties) = preSolution
		HideSolutionNode = FALSE
	EndGlobalSection
	GlobalSection(ExtensibilityGlobals) = postSolution
		SolutionGuid = {9D8E3C34-9712-4247-A1AB-6D8927A2F0B5}
	EndGlobalSection
EndGlobal
